
Microsoft Visual Studio Solution File, Format Version 12.00
# Visual Studio 14
VisualStudioVersion = 14.0.25123.0
MinimumVisualStudioVersion = 10.0.40219.1
Project("{8BC9CEB8-8B4A-11D0-8D11-00A0C91BC942}") = "FinalProjUML", "FinalProjUML\FinalProjUML.vcxproj", "{F8498B94-0852-4CBE-9F46-14AC990DEDAE}"
EndProject
Project("{F088123C-0E9E-452A-89E6-6BA2F21D5CAC}") = "ModelingProject1", "ModelingProject1\ModelingProject1.modelproj", "{033AF205-0A78-4CD7-AEB1-FDBF01747B67}"
EndProject
Global
	GlobalSection(SolutionConfigurationPlatforms) = preSolution
		Debug|Any CPU = Debug|Any CPU
		Debug|x64 = Debug|x64
		Debug|x86 = Debug|x86
		Release|Any CPU = Release|Any CPU
		Release|x64 = Release|x64
		Release|x86 = Release|x86
	EndGlobalSection
	GlobalSection(ProjectConfigurationPlatforms) = postSolution
		{F8498B94-0852-4CBE-9F46-14AC990DEDAE}.Debug|Any CPU.ActiveCfg = Debug|Win32
		{F8498B94-0852-4CBE-9F46-14AC990DEDAE}.Debug|x64.ActiveCfg = Debug|x64
		{F8498B94-0852-4CBE-9F46-14AC990DEDAE}.Debug|x64.Build.0 = Debug|x64
		{F8498B94-0852-4CBE-9F46-14AC990DEDAE}.Debug|x86.ActiveCfg = Debug|Win32
		{F8498B94-0852-4CBE-9F46-14AC990DEDAE}.Debug|x86.Build.0 = Debug|Win32
		{F8498B94-0852-4CBE-9F46-14AC990DEDAE}.Release|Any CPU.ActiveCfg = Release|Win32
		{F8498B94-0852-4CBE-9F46-14AC990DEDAE}.Release|x64.ActiveCfg = Release|x64
		{F8498B94-0852-4CBE-9F46-14AC990DEDAE}.Release|x64.Build.0 = Release|x64
		{F8498B94-0852-4CBE-9F46-14AC990DEDAE}.Release|x86.ActiveCfg = Release|Win32
		{F8498B94-0852-4CBE-9F46-14AC990DEDAE}.Release|x86.Build.0 = Release|Win32
		{033AF205-0A78-4CD7-AEB1-FDBF01747B67}.Debug|Any CPU.ActiveCfg = Debug|Any CPU
		{033AF205-0A78-4CD7-AEB1-FDBF01747B67}.Debug|Any CPU.Build.0 = Debug|Any CPU
		{033AF205-0A78-4CD7-AEB1-FDBF01747B67}.Debug|x64.ActiveCfg = Debug|Any CPU
		{033AF205-0A78-4CD7-AEB1-FDBF01747B67}.Debug|x64.Build.0 = Debug|Any CPU
		{033AF205-0A78-4CD7-AEB1-FDBF01747B67}.Debug|x86.ActiveCfg = Debug|Any CPU
		{033AF205-0A78-4CD7-AEB1-FDBF01747B67}.Debug|x86.Build.0 = Debug|Any CPU
		{033AF205-0A78-4CD7-AEB1-FDBF01747B67}.Release|Any CPU.ActiveCfg = Release|Any CPU
		{033AF205-0A78-4CD7-AEB1-FDBF01747B67}.Release|Any CPU.Build.0 = Release|Any CPU
		{033AF205-0A78-4CD7-AEB1-FDBF01747B67}.Release|x64.ActiveCfg = Release|Any CPU
		{033AF205-0A78-4CD7-AEB1-FDBF01747B67}.Release|x64.Build.0 = Release|Any CPU
		{033AF205-0A78-4CD7-AEB1-FDBF01747B67}.Release|x86.ActiveCfg = Release|Any CPU
		{033AF205-0A78-4CD7-AEB1-FDBF01747B67}.Release|x86.Build.0 = Release|Any CPU
	EndGlobalSection
	GlobalSection(SolutionProperties) = preSolution
		HideSolutionNode = FALSE
	EndGlobalSection
EndGlobal
